
Microsoft Visual Studio Solution File, Format Version 12.00
# Visual Studio Version 17
VisualStudioVersion = 17.3.32929.385
MinimumVisualStudioVersion = 10.0.40219.1
Project("{9A19103F-16F7-4668-BE54-9A1E7A4F7556}") = "CaravanGivesStewardExp", "CaravanGivesStewardExp.csproj", "{1E980F02-386A-476E-BFCA-9DEB8AD8E5E4}"
EndProject
Global
	GlobalSection(SolutionConfigurationPlatforms) = preSolution
		Debug|x64 = Debug|x64
		Release|x64 = Release|x64
	EndGlobalSection
	GlobalSection(ProjectConfigurationPlatforms) = postSolution
		{1E980F02-386A-476E-BFCA-9DEB8AD8E5E4}.Debug|x64.ActiveCfg = Debug|x64
		{1E980F02-386A-476E-BFCA-9DEB8AD8E5E4}.Debug|x64.Build.0 = Debug|x64
		{1E980F02-386A-476E-BFCA-9DEB8AD8E5E4}.Release|x64.ActiveCfg = Release|x64
		{1E980F02-386A-476E-BFCA-9DEB8AD8E5E4}.Release|x64.Build.0 = Release|x64
	EndGlobalSection
	GlobalSection(SolutionProperties) = preSolution
		HideSolutionNode = FALSE
	EndGlobalSection
	GlobalSection(ExtensibilityGlobals) = postSolution
		SolutionGuid = {A8DEF4C4-BB52-46C9-8F41-D3EBD8BFFEAE}
	EndGlobalSection
EndGlobal
